// !$*UTF8*$!
{
	archiveVersion = 1;
	classes = {
	};
	objectVersion = 56;
	objects = {

/* Begin PBXBuildFile section */
		1BB2EDC82C8B931B005E1F47 /* Water.cpp in Sources */ = {isa = PBXBuildFile; fileRef = 1BB2EDC62C8B931B005E1F47 /* Water.cpp */; };
		1BC39E942C2F23BB00A3300A /* Assets.xcassets in Resources */ = {isa = PBXBuildFile; fileRef = 1BC39E932C2F23BB00A3300A /* Assets.xcassets */; };
		1BC39EA12C2F242100A3300A /* main.cpp in Sources */ = {isa = PBXBuildFile; fileRef = 1BC39EA02C2F242100A3300A /* main.cpp */; };
		1BC39EA42C2F244800A3300A /* SDL2.framework in Frameworks */ = {isa = PBXBuildFile; fileRef = 1BC39EA32C2F244800A3300A /* SDL2.framework */; };
		1BC39EA52C2F244800A3300A /* SDL2.framework in Embed Frameworks */ = {isa = PBXBuildFile; fileRef = 1BC39EA32C2F244800A3300A /* SDL2.framework */; settings = {ATTRIBUTES = (CodeSignOnCopy, RemoveHeadersOnCopy, ); }; };
		1BC39EA92C2F255C00A3300A /* Ball.cpp in Sources */ = {isa = PBXBuildFile; fileRef = 1BC39EA72C2F255C00A3300A /* Ball.cpp */; };
		1BC39EAC2C2F275000A3300A /* GolfCourse.cpp in Sources */ = {isa = PBXBuildFile; fileRef = 1BC39EAA2C2F275000A3300A /* GolfCourse.cpp */; };
		1BC39EAF2C2F2B7B00A3300A /* Hole.cpp in Sources */ = {isa = PBXBuildFile; fileRef = 1BC39EAD2C2F2B7B00A3300A /* Hole.cpp */; };
		1BC39EB22C2F2B8C00A3300A /* Obstacle.cpp in Sources */ = {isa = PBXBuildFile; fileRef = 1BC39EB02C2F2B8C00A3300A /* Obstacle.cpp */; };
		1BC39EB52C2F35EC00A3300A /* Vector2D.cpp in Sources */ = {isa = PBXBuildFile; fileRef = 1BC39EB32C2F35EC00A3300A /* Vector2D.cpp */; };
		1BC39EB82C2F3CCF00A3300A /* Level.cpp in Sources */ = {isa = PBXBuildFile; fileRef = 1BC39EB62C2F3CCF00A3300A /* Level.cpp */; };
/* End PBXBuildFile section */

/* Begin PBXCopyFilesBuildPhase section */
		1BC39EA62C2F244800A3300A /* Embed Frameworks */ = {
			isa = PBXCopyFilesBuildPhase;
			buildActionMask = 2147483647;
			dstPath = "";
			dstSubfolderSpec = 10;
			files = (
				1BC39EA52C2F244800A3300A /* SDL2.framework in Embed Frameworks */,
			);
			name = "Embed Frameworks";
			runOnlyForDeploymentPostprocessing = 0;
		};
/* End PBXCopyFilesBuildPhase section */

/* Begin PBXFileReference section */
		1BB2EDC62C8B931B005E1F47 /* Water.cpp */ = {isa = PBXFileReference; lastKnownFileType = sourcecode.cpp.cpp; path = Water.cpp; sourceTree = "<group>"; };
		1BB2EDC72C8B931B005E1F47 /* Water.hpp */ = {isa = PBXFileReference; lastKnownFileType = sourcecode.cpp.h; path = Water.hpp; sourceTree = "<group>"; };
		1BC39E8D2C2F23BA00A3300A /* GolfGame.app */ = {isa = PBXFileReference; explicitFileType = wrapper.application; includeInIndex = 0; path = GolfGame.app; sourceTree = BUILT_PRODUCTS_DIR; };
		1BC39E932C2F23BB00A3300A /* Assets.xcassets */ = {isa = PBXFileReference; lastKnownFileType = folder.assetcatalog; path = Assets.xcassets; sourceTree = "<group>"; };
		1BC39E9A2C2F23BB00A3300A /* GolfGame.entitlements */ = {isa = PBXFileReference; lastKnownFileType = text.plist.entitlements; path = GolfGame.entitlements; sourceTree = "<group>"; };
		1BC39EA02C2F242100A3300A /* main.cpp */ = {isa = PBXFileReference; fileEncoding = 4; lastKnownFileType = sourcecode.cpp.cpp; name = main.cpp; path = 01_hello_SDL/main.cpp; sourceTree = SOURCE_ROOT; };
		1BC39EA32C2F244800A3300A /* SDL2.framework */ = {isa = PBXFileReference; lastKnownFileType = wrapper.framework; path = SDL2.framework; sourceTree = "<group>"; };
		1BC39EA72C2F255C00A3300A /* Ball.cpp */ = {isa = PBXFileReference; lastKnownFileType = sourcecode.cpp.cpp; path = Ball.cpp; sourceTree = "<group>"; };
		1BC39EA82C2F255C00A3300A /* Ball.hpp */ = {isa = PBXFileReference; lastKnownFileType = sourcecode.cpp.h; path = Ball.hpp; sourceTree = "<group>"; };
		1BC39EAA2C2F275000A3300A /* GolfCourse.cpp */ = {isa = PBXFileReference; lastKnownFileType = sourcecode.cpp.cpp; path = GolfCourse.cpp; sourceTree = "<group>"; };
		1BC39EAB2C2F275000A3300A /* GolfCourse.hpp */ = {isa = PBXFileReference; lastKnownFileType = sourcecode.cpp.h; path = GolfCourse.hpp; sourceTree = "<group>"; };
		1BC39EAD2C2F2B7B00A3300A /* Hole.cpp */ = {isa = PBXFileReference; lastKnownFileType = sourcecode.cpp.cpp; path = Hole.cpp; sourceTree = "<group>"; };
		1BC39EAE2C2F2B7B00A3300A /* Hole.hpp */ = {isa = PBXFileReference; lastKnownFileType = sourcecode.cpp.h; path = Hole.hpp; sourceTree = "<group>"; };
		1BC39EB02C2F2B8C00A3300A /* Obstacle.cpp */ = {isa = PBXFileReference; lastKnownFileType = sourcecode.cpp.cpp; path = Obstacle.cpp; sourceTree = "<group>"; };
		1BC39EB12C2F2B8C00A3300A /* Obstacle.hpp */ = {isa = PBXFileReference; lastKnownFileType = sourcecode.cpp.h; path = Obstacle.hpp; sourceTree = "<group>"; };
		1BC39EB32C2F35EC00A3300A /* Vector2D.cpp */ = {isa = PBXFileReference; lastKnownFileType = sourcecode.cpp.cpp; path = Vector2D.cpp; sourceTree = "<group>"; };
		1BC39EB42C2F35EC00A3300A /* Vector2D.hpp */ = {isa = PBXFileReference; lastKnownFileType = sourcecode.cpp.h; path = Vector2D.hpp; sourceTree = "<group>"; };
		1BC39EB62C2F3CCF00A3300A /* Level.cpp */ = {isa = PBXFileReference; lastKnownFileType = sourcecode.cpp.cpp; path = Level.cpp; sourceTree = "<group>"; };
		1BC39EB72C2F3CCF00A3300A /* Level.hpp */ = {isa = PBXFileReference; lastKnownFileType = sourcecode.cpp.h; path = Level.hpp; sourceTree = "<group>"; };
/* End PBXFileReference section */

/* Begin PBXFrameworksBuildPhase section */
		1BC39E8A2C2F23BA00A3300A /* Frameworks */ = {
			isa = PBXFrameworksBuildPhase;
			buildActionMask = 2147483647;
			files = (
				1BC39EA42C2F244800A3300A /* SDL2.framework in Frameworks */,
			);
			runOnlyForDeploymentPostprocessing = 0;
		};
/* End PBXFrameworksBuildPhase section */

/* Begin PBXGroup section */
		1BC39E842C2F23BA00A3300A = {
			isa = PBXGroup;
			children = (
				1BC39E8F2C2F23BA00A3300A /* GolfGame */,
				1BC39E8E2C2F23BA00A3300A /* Products */,
				1BC39EA22C2F244800A3300A /* Frameworks */,
			);
			sourceTree = "<group>";
		};
		1BC39E8E2C2F23BA00A3300A /* Products */ = {
			isa = PBXGroup;
			children = (
				1BC39E8D2C2F23BA00A3300A /* GolfGame.app */,
			);
			name = Products;
			sourceTree = "<group>";
		};
		1BC39E8F2C2F23BA00A3300A /* GolfGame */ = {
			isa = PBXGroup;
			children = (
				1BC39EA02C2F242100A3300A /* main.cpp */,
				1BC39EB32C2F35EC00A3300A /* Vector2D.cpp */,
				1BC39EB42C2F35EC00A3300A /* Vector2D.hpp */,
				1BC39E932C2F23BB00A3300A /* Assets.xcassets */,
				1BC39E9A2C2F23BB00A3300A /* GolfGame.entitlements */,
				1BC39EA72C2F255C00A3300A /* Ball.cpp */,
				1BC39EA82C2F255C00A3300A /* Ball.hpp */,
				1BC39EAA2C2F275000A3300A /* GolfCourse.cpp */,
				1BC39EAB2C2F275000A3300A /* GolfCourse.hpp */,
				1BC39EAD2C2F2B7B00A3300A /* Hole.cpp */,
				1BC39EAE2C2F2B7B00A3300A /* Hole.hpp */,
				1BC39EB02C2F2B8C00A3300A /* Obstacle.cpp */,
				1BC39EB12C2F2B8C00A3300A /* Obstacle.hpp */,
				1BC39EB62C2F3CCF00A3300A /* Level.cpp */,
				1BC39EB72C2F3CCF00A3300A /* Level.hpp */,
				1BB2EDC62C8B931B005E1F47 /* Water.cpp */,
				1BB2EDC72C8B931B005E1F47 /* Water.hpp */,
			);
			path = GolfGame;
			sourceTree = "<group>";
		};
		1BC39EA22C2F244800A3300A /* Frameworks */ = {
			isa = PBXGroup;
			children = (
				1BC39EA32C2F244800A3300A /* SDL2.framework */,
			);
			name = Frameworks;
			sourceTree = "<group>";
		};
/* End PBXGroup section */

/* Begin PBXNativeTarget section */
		1BC39E8C2C2F23BA00A3300A /* GolfGame */ = {
			isa = PBXNativeTarget;
			buildConfigurationList = 1BC39E9D2C2F23BB00A3300A /* Build configuration list for PBXNativeTarget "GolfGame" */;
			buildPhases = (
				1BC39E892C2F23BA00A3300A /* Sources */,
				1BC39E8A2C2F23BA00A3300A /* Frameworks */,
				1BC39E8B2C2F23BA00A3300A /* Resources */,
				1BC39EA62C2F244800A3300A /* Embed Frameworks */,
			);
			buildRules = (
			);
			dependencies = (
			);
			name = GolfGame;
			productName = GolfGame;
			productReference = 1BC39E8D2C2F23BA00A3300A /* GolfGame.app */;
			productType = "com.apple.product-type.application";
		};
/* End PBXNativeTarget section */

/* Begin PBXProject section */
		1BC39E852C2F23BA00A3300A /* Project object */ = {
			isa = PBXProject;
			attributes = {
				BuildIndependentTargetsInParallel = 1;
				LastUpgradeCheck = 1540;
				TargetAttributes = {
					1BC39E8C2C2F23BA00A3300A = {
						CreatedOnToolsVersion = 15.4;
					};
				};
			};
			buildConfigurationList = 1BC39E882C2F23BA00A3300A /* Build configuration list for PBXProject "GolfGame" */;
			compatibilityVersion = "Xcode 14.0";
			developmentRegion = en;
			hasScannedForEncodings = 0;
			knownRegions = (
				en,
				Base,
			);
			mainGroup = 1BC39E842C2F23BA00A3300A;
			productRefGroup = 1BC39E8E2C2F23BA00A3300A /* Products */;
			projectDirPath = "";
			projectRoot = "";
			targets = (
				1BC39E8C2C2F23BA00A3300A /* GolfGame */,
			);
		};
/* End PBXProject section */

/* Begin PBXResourcesBuildPhase section */
		1BC39E8B2C2F23BA00A3300A /* Resources */ = {
			isa = PBXResourcesBuildPhase;
			buildActionMask = 2147483647;
			files = (
				1BC39E942C2F23BB00A3300A /* Assets.xcassets in Resources */,
			);
			runOnlyForDeploymentPostprocessing = 0;
		};
/* End PBXResourcesBuildPhase section */

/* Begin PBXSourcesBuildPhase section */
		1BC39E892C2F23BA00A3300A /* Sources */ = {
			isa = PBXSourcesBuildPhase;
			buildActionMask = 2147483647;
			files = (
				1BC39EA92C2F255C00A3300A /* Ball.cpp in Sources */,
				1BC39EB22C2F2B8C00A3300A /* Obstacle.cpp in Sources */,
				1BC39EB52C2F35EC00A3300A /* Vector2D.cpp in Sources */,
				1BC39EB82C2F3CCF00A3300A /* Level.cpp in Sources */,
				1BC39EAF2C2F2B7B00A3300A /* Hole.cpp in Sources */,
				1BB2EDC82C8B931B005E1F47 /* Water.cpp in Sources */,
				1BC39EA12C2F242100A3300A /* main.cpp in Sources */,
				1BC39EAC2C2F275000A3300A /* GolfCourse.cpp in Sources */,
			);
			runOnlyForDeploymentPostprocessing = 0;
		};
/* End PBXSourcesBuildPhase section */

/* Begin XCBuildConfiguration section */
		1BC39E9B2C2F23BB00A3300A /* Debug */ = {
			isa = XCBuildConfiguration;
			buildSettings = {
				ALWAYS_SEARCH_USER_PATHS = NO;
				ASSETCATALOG_COMPILER_GENERATE_SWIFT_ASSET_SYMBOL_EXTENSIONS = YES;
				CLANG_ANALYZER_NONNULL = YES;
				CLANG_ANALYZER_NUMBER_OBJECT_CONVERSION = YES_AGGRESSIVE;
				CLANG_CXX_LANGUAGE_STANDARD = "gnu++20";
				CLANG_ENABLE_MODULES = YES;
				CLANG_ENABLE_OBJC_ARC = YES;
				CLANG_ENABLE_OBJC_WEAK = YES;
				CLANG_WARN_BLOCK_CAPTURE_AUTORELEASING = YES;
				CLANG_WARN_BOOL_CONVERSION = YES;
				CLANG_WARN_COMMA = YES;
				CLANG_WARN_CONSTANT_CONVERSION = YES;
				CLANG_WARN_DEPRECATED_OBJC_IMPLEMENTATIONS = YES;
				CLANG_WARN_DIRECT_OBJC_ISA_USAGE = YES_ERROR;
				CLANG_WARN_DOCUMENTATION_COMMENTS = YES;
				CLANG_WARN_EMPTY_BODY = YES;
				CLANG_WARN_ENUM_CONVERSION = YES;
				CLANG_WARN_INFINITE_RECURSION = YES;
				CLANG_WARN_INT_CONVERSION = YES;
				CLANG_WARN_NON_LITERAL_NULL_CONVERSION = YES;
				CLANG_WARN_OBJC_IMPLICIT_RETAIN_SELF = YES;
				CLANG_WARN_OBJC_LITERAL_CONVERSION = YES;
				CLANG_WARN_OBJC_ROOT_CLASS = YES_ERROR;
				CLANG_WARN_QUOTED_INCLUDE_IN_FRAMEWORK_HEADER = YES;
				CLANG_WARN_RANGE_LOOP_ANALYSIS = YES;
				CLANG_WARN_STRICT_PROTOTYPES = YES;
				CLANG_WARN_SUSPICIOUS_MOVE = YES;
				CLANG_WARN_UNGUARDED_AVAILABILITY = YES_AGGRESSIVE;
				CLANG_WARN_UNREACHABLE_CODE = YES;
				CLANG_WARN__DUPLICATE_METHOD_MATCH = YES;
				COPY_PHASE_STRIP = NO;
				DEBUG_INFORMATION_FORMAT = dwarf;
				ENABLE_STRICT_OBJC_MSGSEND = YES;
				ENABLE_TESTABILITY = YES;
				ENABLE_USER_SCRIPT_SANDBOXING = YES;
				GCC_C_LANGUAGE_STANDARD = gnu17;
				GCC_DYNAMIC_NO_PIC = NO;
				GCC_NO_COMMON_BLOCKS = YES;
				GCC_OPTIMIZATION_LEVEL = 0;
				GCC_PREPROCESSOR_DEFINITIONS = (
					"DEBUG=1",
					"$(inherited)",
				);
				GCC_WARN_64_TO_32_BIT_CONVERSION = YES;
				GCC_WARN_ABOUT_RETURN_TYPE = YES_ERROR;
				GCC_WARN_UNDECLARED_SELECTOR = YES;
				GCC_WARN_UNINITIALIZED_AUTOS = YES_AGGRESSIVE;
				GCC_WARN_UNUSED_FUNCTION = YES;
				GCC_WARN_UNUSED_VARIABLE = YES;
				LOCALIZATION_PREFERS_STRING_CATALOGS = YES;
				MACOSX_DEPLOYMENT_TARGET = 14.4;
				MTL_ENABLE_DEBUG_INFO = INCLUDE_SOURCE;
				MTL_FAST_MATH = YES;
				ONLY_ACTIVE_ARCH = YES;
				SDKROOT = macosx;
			};
			name = Debug;
		};
		1BC39E9C2C2F23BB00A3300A /* Release */ = {
			isa = XCBuildConfiguration;
			buildSettings = {
				ALWAYS_SEARCH_USER_PATHS = NO;
				ASSETCATALOG_COMPILER_GENERATE_SWIFT_ASSET_SYMBOL_EXTENSIONS = YES;
				CLANG_ANALYZER_NONNULL = YES;
				CLANG_ANALYZER_NUMBER_OBJECT_CONVERSION = YES_AGGRESSIVE;
				CLANG_CXX_LANGUAGE_STANDARD = "gnu++20";
				CLANG_ENABLE_MODULES = YES;
				CLANG_ENABLE_OBJC_ARC = YES;
				CLANG_ENABLE_OBJC_WEAK = YES;
				CLANG_WARN_BLOCK_CAPTURE_AUTORELEASING = YES;
				CLANG_WARN_BOOL_CONVERSION = YES;
				CLANG_WARN_COMMA = YES;
				CLANG_WARN_CONSTANT_CONVERSION = YES;
				CLANG_WARN_DEPRECATED_OBJC_IMPLEMENTATIONS = YES;
				CLANG_WARN_DIRECT_OBJC_ISA_USAGE = YES_ERROR;
				CLANG_WARN_DOCUMENTATION_COMMENTS = YES;
				CLANG_WARN_EMPTY_BODY = YES;
				CLANG_WARN_ENUM_CONVERSION = YES;
				CLANG_WARN_INFINITE_RECURSION = YES;
				CLANG_WARN_INT_CONVERSION = YES;
				CLANG_WARN_NON_LITERAL_NULL_CONVERSION = YES;
				CLANG_WARN_OBJC_IMPLICIT_RETAIN_SELF = YES;
				CLANG_WARN_OBJC_LITERAL_CONVERSION = YES;
				CLANG_WARN_OBJC_ROOT_CLASS = YES_ERROR;
				CLANG_WARN_QUOTED_INCLUDE_IN_FRAMEWORK_HEADER = YES;
				CLANG_WARN_RANGE_LOOP_ANALYSIS = YES;
				CLANG_WARN_STRICT_PROTOTYPES = YES;
				CLANG_WARN_SUSPICIOUS_MOVE = YES;
				CLANG_WARN_UNGUARDED_AVAILABILITY = YES_AGGRESSIVE;
				CLANG_WARN_UNREACHABLE_CODE = YES;
				CLANG_WARN__DUPLICATE_METHOD_MATCH = YES;
				COPY_PHASE_STRIP = NO;
				DEBUG_INFORMATION_FORMAT = "dwarf-with-dsym";
				ENABLE_NS_ASSERTIONS = NO;
				ENABLE_STRICT_OBJC_MSGSEND = YES;
				ENABLE_USER_SCRIPT_SANDBOXING = YES;
				GCC_C_LANGUAGE_STANDARD = gnu17;
				GCC_NO_COMMON_BLOCKS = YES;
				GCC_WARN_64_TO_32_BIT_CONVERSION = YES;
				GCC_WARN_ABOUT_RETURN_TYPE = YES_ERROR;
				GCC_WARN_UNDECLARED_SELECTOR = YES;
				GCC_WARN_UNINITIALIZED_AUTOS = YES_AGGRESSIVE;
				GCC_WARN_UNUSED_FUNCTION = YES;
				GCC_WARN_UNUSED_VARIABLE = YES;
				LOCALIZATION_PREFERS_STRING_CATALOGS = YES;
				MACOSX_DEPLOYMENT_TARGET = 14.4;
				MTL_ENABLE_DEBUG_INFO = NO;
				MTL_FAST_MATH = YES;
				SDKROOT = macosx;
			};
			name = Release;
		};
		1BC39E9E2C2F23BB00A3300A /* Debug */ = {
			isa = XCBuildConfiguration;
			buildSettings = {
				ASSETCATALOG_COMPILER_APPICON_NAME = AppIcon;
				ASSETCATALOG_COMPILER_GLOBAL_ACCENT_COLOR_NAME = AccentColor;
				CODE_SIGN_ENTITLEMENTS = GolfGame/GolfGame.entitlements;
				CODE_SIGN_STYLE = Automatic;
				COMBINE_HIDPI_IMAGES = YES;
				CURRENT_PROJECT_VERSION = 1;
				FRAMEWORK_SEARCH_PATHS = (
					"$(inherited)",
					"$(PROJECT_DIR)",
				);
				GENERATE_INFOPLIST_FILE = YES;
				INFOPLIST_KEY_NSHumanReadableCopyright = "";
				INFOPLIST_KEY_NSMainNibFile = MainMenu;
				INFOPLIST_KEY_NSPrincipalClass = NSApplication;
				LD_RUNPATH_SEARCH_PATHS = (
					"$(inherited)",
					"@executable_path/../Frameworks",
				);
				MARKETING_VERSION = 1.0;
				PRODUCT_BUNDLE_IDENTIFIER = s23319.GolfGame;
				PRODUCT_NAME = "$(TARGET_NAME)";
				SWIFT_EMIT_LOC_STRINGS = YES;
			};
			name = Debug;
		};
		1BC39E9F2C2F23BB00A3300A /* Release */ = {
			isa = XCBuildConfiguration;
			buildSettings = {
				ASSETCATALOG_COMPILER_APPICON_NAME = AppIcon;
				ASSETCATALOG_COMPILER_GLOBAL_ACCENT_COLOR_NAME = AccentColor;
				CODE_SIGN_ENTITLEMENTS = GolfGame/GolfGame.entitlements;
				CODE_SIGN_STYLE = Automatic;
				COMBINE_HIDPI_IMAGES = YES;
				CURRENT_PROJECT_VERSION = 1;
				FRAMEWORK_SEARCH_PATHS = (
					"$(inherited)",
					"$(PROJECT_DIR)",
				);
				GENERATE_INFOPLIST_FILE = YES;
				INFOPLIST_KEY_NSHumanReadableCopyright = "";
				INFOPLIST_KEY_NSMainNibFile = MainMenu;
				INFOPLIST_KEY_NSPrincipalClass = NSApplication;
				LD_RUNPATH_SEARCH_PATHS = (
					"$(inherited)",
					"@executable_path/../Frameworks",
				);
				MARKETING_VERSION = 1.0;
				PRODUCT_BUNDLE_IDENTIFIER = s23319.GolfGame;
				PRODUCT_NAME = "$(TARGET_NAME)";
				SWIFT_EMIT_LOC_STRINGS = YES;
			};
			name = Release;
		};
/* End XCBuildConfiguration section */

/* Begin XCConfigurationList section */
		1BC39E882C2F23BA00A3300A /* Build configuration list for PBXProject "GolfGame" */ = {
			isa = XCConfigurationList;
			buildConfigurations = (
				1BC39E9B2C2F23BB00A3300A /* Debug */,
				1BC39E9C2C2F23BB00A3300A /* Release */,
			);
			defaultConfigurationIsVisible = 0;
			defaultConfigurationName = Release;
		};
		1BC39E9D2C2F23BB00A3300A /* Build configuration list for PBXNativeTarget "GolfGame" */ = {
			isa = XCConfigurationList;
			buildConfigurations = (
				1BC39E9E2C2F23BB00A3300A /* Debug */,
				1BC39E9F2C2F23BB00A3300A /* Release */,
			);
			defaultConfigurationIsVisible = 0;
			defaultConfigurationName = Release;
		};
/* End XCConfigurationList section */
	};
	rootObject = 1BC39E852C2F23BA00A3300A /* Project object */;
}
